
Microsoft Visual Studio Solution File, Format Version 12.00
# Visual Studio 15
VisualStudioVersion = 15.0.28010.2050
MinimumVisualStudioVersion = 10.0.40219.1
Project("{FAE04EC0-301F-11D3-BF4B-00C04F79EFBC}") = "DT", "DT\DT.csproj", "{13AB2D94-F870-4C9D-A2AF-470DB4A55506}"
EndProject
Global
	GlobalSection(SolutionConfigurationPlatforms) = preSolution
		Debug|Any CPU = Debug|Any CPU
		Release|Any CPU = Release|Any CPU
	EndGlobalSection
	GlobalSection(ProjectConfigurationPlatforms) = postSolution
		{13AB2D94-F870-4C9D-A2AF-470DB4A55506}.Debug|Any CPU.ActiveCfg = Debug|Any CPU
		{13AB2D94-F870-4C9D-A2AF-470DB4A55506}.Debug|Any CPU.Build.0 = Debug|Any CPU
		{13AB2D94-F870-4C9D-A2AF-470DB4A55506}.Release|Any CPU.ActiveCfg = Release|Any CPU
		{13AB2D94-F870-4C9D-A2AF-470DB4A55506}.Release|Any CPU.Build.0 = Release|Any CPU
	EndGlobalSection
	GlobalSection(SolutionProperties) = preSolution
		HideSolutionNode = FALSE
	EndGlobalSection
	GlobalSection(ExtensibilityGlobals) = postSolution
		SolutionGuid = {61EE7BB1-1576-40FD-927C-863384F34DF8}
	EndGlobalSection
EndGlobal
